
Microsoft Visual Studio Solution File, Format Version 12.00
# Visual Studio Version 17
VisualStudioVersion = 17.2.32630.192
MinimumVisualStudioVersion = 10.0.40219.1
Project("{9A19103F-16F7-4668-BE54-9A1E7A4F7556}") = "BISTTool", "BISTTool\BISTTool.csproj", "{7AD78199-FFFD-435E-AD76-39FC5EFD487C}"
EndProject
Project("{9A19103F-16F7-4668-BE54-9A1E7A4F7556}") = "BIST.Utilities", "BIST.Utilities\BIST.Utilities.csproj", "{70D2F7CD-9B5C-4492-8232-57ED50B1651D}"
EndProject
Global
	GlobalSection(SolutionConfigurationPlatforms) = preSolution
		Debug|Any CPU = Debug|Any CPU
		Release|Any CPU = Release|Any CPU
	EndGlobalSection
	GlobalSection(ProjectConfigurationPlatforms) = postSolution
		{7AD78199-FFFD-435E-AD76-39FC5EFD487C}.Debug|Any CPU.ActiveCfg = Debug|Any CPU
		{7AD78199-FFFD-435E-AD76-39FC5EFD487C}.Debug|Any CPU.Build.0 = Debug|Any CPU
		{7AD78199-FFFD-435E-AD76-39FC5EFD487C}.Release|Any CPU.ActiveCfg = Release|Any CPU
		{7AD78199-FFFD-435E-AD76-39FC5EFD487C}.Release|Any CPU.Build.0 = Release|Any CPU
		{70D2F7CD-9B5C-4492-8232-57ED50B1651D}.Debug|Any CPU.ActiveCfg = Debug|Any CPU
		{70D2F7CD-9B5C-4492-8232-57ED50B1651D}.Debug|Any CPU.Build.0 = Debug|Any CPU
		{70D2F7CD-9B5C-4492-8232-57ED50B1651D}.Release|Any CPU.ActiveCfg = Release|Any CPU
		{70D2F7CD-9B5C-4492-8232-57ED50B1651D}.Release|Any CPU.Build.0 = Release|Any CPU
	EndGlobalSection
	GlobalSection(SolutionProperties) = preSolution
		HideSolutionNode = FALSE
	EndGlobalSection
	GlobalSection(ExtensibilityGlobals) = postSolution
		SolutionGuid = {ED7D44FB-0B5C-49BD-8EC9-908D9E35B46E}
	EndGlobalSection
EndGlobal
